
Microsoft Visual Studio Solution File, Format Version 12.00
# Visual Studio Version 16
VisualStudioVersion = 16.0.30503.244
MinimumVisualStudioVersion = 10.0.40219.1
Project("{8BC9CEB8-8B4A-11D0-8D11-00A0C91BC942}") = "step_9_classes_and_objects", "step_9_classes_and_objects.vcxproj", "{99982408-5B7C-440B-8EE6-33BB025572F2}"
EndProject
Global
	GlobalSection(SolutionConfigurationPlatforms) = preSolution
		Debug|x64 = Debug|x64
		Debug|x86 = Debug|x86
		Release|x64 = Release|x64
		Release|x86 = Release|x86
	EndGlobalSection
	GlobalSection(ProjectConfigurationPlatforms) = postSolution
		{99982408-5B7C-440B-8EE6-33BB025572F2}.Debug|x64.ActiveCfg = Debug|x64
		{99982408-5B7C-440B-8EE6-33BB025572F2}.Debug|x64.Build.0 = Debug|x64
		{99982408-5B7C-440B-8EE6-33BB025572F2}.Debug|x86.ActiveCfg = Debug|Win32
		{99982408-5B7C-440B-8EE6-33BB025572F2}.Debug|x86.Build.0 = Debug|Win32
		{99982408-5B7C-440B-8EE6-33BB025572F2}.Release|x64.ActiveCfg = Release|x64
		{99982408-5B7C-440B-8EE6-33BB025572F2}.Release|x64.Build.0 = Release|x64
		{99982408-5B7C-440B-8EE6-33BB025572F2}.Release|x86.ActiveCfg = Release|Win32
		{99982408-5B7C-440B-8EE6-33BB025572F2}.Release|x86.Build.0 = Release|Win32
	EndGlobalSection
	GlobalSection(SolutionProperties) = preSolution
		HideSolutionNode = FALSE
	EndGlobalSection
	GlobalSection(ExtensibilityGlobals) = postSolution
		SolutionGuid = {428F6CCF-85D9-4C21-8AAB-5FF0D1D0515A}
	EndGlobalSection
EndGlobal
